
Microsoft Visual Studio Solution File, Format Version 10.00
# Visual C++ Express 2008
Project("{8BC9CEB8-8B4A-11D0-8D11-00A0C91BC942}") = "mtg", "template.vcproj", "{53024371-2293-4D40-8ECF-FCB470B50DA1}"
EndProject
Project("{8BC9CEB8-8B4A-11D0-8D11-00A0C91BC942}") = "JGE", "..\..\JGE\JGE.vcproj", "{89159C26-2282-404A-A194-103B0A49DF7B}"
EndProject
Global
	GlobalSection(SolutionConfigurationPlatforms) = preSolution
		Debug|Win32 = Debug|Win32
		Profile|Win32 = Profile|Win32
		Release|Win32 = Release|Win32
	EndGlobalSection
	GlobalSection(ProjectConfigurationPlatforms) = postSolution
		{53024371-2293-4D40-8ECF-FCB470B50DA1}.Debug|Win32.ActiveCfg = Debug|Win32
		{53024371-2293-4D40-8ECF-FCB470B50DA1}.Debug|Win32.Build.0 = Debug|Win32
		{53024371-2293-4D40-8ECF-FCB470B50DA1}.Profile|Win32.ActiveCfg = Profile|Win32
		{53024371-2293-4D40-8ECF-FCB470B50DA1}.Profile|Win32.Build.0 = Profile|Win32
		{53024371-2293-4D40-8ECF-FCB470B50DA1}.Release|Win32.ActiveCfg = Release|Win32
		{53024371-2293-4D40-8ECF-FCB470B50DA1}.Release|Win32.Build.0 = Release|Win32
		{89159C26-2282-404A-A194-103B0A49DF7B}.Debug|Win32.ActiveCfg = Debug|Win32
		{89159C26-2282-404A-A194-103B0A49DF7B}.Debug|Win32.Build.0 = Debug|Win32
		{89159C26-2282-404A-A194-103B0A49DF7B}.Profile|Win32.ActiveCfg = Profile|Win32
		{89159C26-2282-404A-A194-103B0A49DF7B}.Profile|Win32.Build.0 = Profile|Win32
		{89159C26-2282-404A-A194-103B0A49DF7B}.Release|Win32.ActiveCfg = Release|Win32
		{89159C26-2282-404A-A194-103B0A49DF7B}.Release|Win32.Build.0 = Release|Win32
	EndGlobalSection
	GlobalSection(SolutionProperties) = preSolution
		HideSolutionNode = FALSE
	EndGlobalSection
EndGlobal
